
Microsoft Visual Studio Solution File, Format Version 12.00
# Visual Studio Version 16
VisualStudioVersion = 16.0.810.20
MinimumVisualStudioVersion = 10.0.40219.1
Project("{FAE04EC0-301F-11D3-BF4B-00C04F79EFBC}") = "ConversorMoneda", "ConversorMoneda\ConversorMoneda.csproj", "{0F881315-2AF5-461E-A533-DB18C348701D}"
EndProject
Global
	GlobalSection(SolutionConfigurationPlatforms) = preSolution
		Debug|Any CPU = Debug|Any CPU
		Release|Any CPU = Release|Any CPU
	EndGlobalSection
	GlobalSection(ProjectConfigurationPlatforms) = postSolution
		{0F881315-2AF5-461E-A533-DB18C348701D}.Debug|Any CPU.ActiveCfg = Debug|Any CPU
		{0F881315-2AF5-461E-A533-DB18C348701D}.Debug|Any CPU.Build.0 = Debug|Any CPU
		{0F881315-2AF5-461E-A533-DB18C348701D}.Release|Any CPU.ActiveCfg = Release|Any CPU
		{0F881315-2AF5-461E-A533-DB18C348701D}.Release|Any CPU.Build.0 = Release|Any CPU
	EndGlobalSection
	GlobalSection(SolutionProperties) = preSolution
		HideSolutionNode = FALSE
	EndGlobalSection
	GlobalSection(ExtensibilityGlobals) = postSolution
		SolutionGuid = {F6EECD44-ED26-4496-BB54-C2C1772C4B3C}
	EndGlobalSection
EndGlobal
